
Microsoft Visual Studio Solution File, Format Version 12.00
# Visual Studio Version 16
VisualStudioVersion = 16.0.29123.88
MinimumVisualStudioVersion = 10.0.40219.1
Project("{FAE04EC0-301F-11D3-BF4B-00C04F79EFBC}") = "WebTarjetas", "PymesAng\WebTarjetas.csproj", "{DF879BEE-4604-44A6-8448-E4ECF008C907}"
EndProject
Project("{FAE04EC0-301F-11D3-BF4B-00C04F79EFBC}") = "Datos", "Datos\Datos.csproj", "{B4C2657D-7D81-49BA-8838-E337D5B18112}"
EndProject
Global
	GlobalSection(SolutionConfigurationPlatforms) = preSolution
		Debug|Any CPU = Debug|Any CPU
		Release|Any CPU = Release|Any CPU
	EndGlobalSection
	GlobalSection(ProjectConfigurationPlatforms) = postSolution
		{DF879BEE-4604-44A6-8448-E4ECF008C907}.Debug|Any CPU.ActiveCfg = Debug|Any CPU
		{DF879BEE-4604-44A6-8448-E4ECF008C907}.Debug|Any CPU.Build.0 = Debug|Any CPU
		{DF879BEE-4604-44A6-8448-E4ECF008C907}.Release|Any CPU.ActiveCfg = Release|Any CPU
		{DF879BEE-4604-44A6-8448-E4ECF008C907}.Release|Any CPU.Build.0 = Release|Any CPU
		{B4C2657D-7D81-49BA-8838-E337D5B18112}.Debug|Any CPU.ActiveCfg = Debug|Any CPU
		{B4C2657D-7D81-49BA-8838-E337D5B18112}.Debug|Any CPU.Build.0 = Debug|Any CPU
		{B4C2657D-7D81-49BA-8838-E337D5B18112}.Release|Any CPU.ActiveCfg = Release|Any CPU
		{B4C2657D-7D81-49BA-8838-E337D5B18112}.Release|Any CPU.Build.0 = Release|Any CPU
	EndGlobalSection
	GlobalSection(SolutionProperties) = preSolution
		HideSolutionNode = FALSE
	EndGlobalSection
	GlobalSection(ExtensibilityGlobals) = postSolution
		SolutionGuid = {AF7B4BB5-9FA8-41EF-86E1-001A77F92B17}
	EndGlobalSection
EndGlobal
